
Microsoft Visual Studio Solution File, Format Version 12.00
# Visual Studio Version 17
VisualStudioVersion = 17.5.33516.290
MinimumVisualStudioVersion = 10.0.40219.1
Project("{FAE04EC0-301F-11D3-BF4B-00C04F79EFBC}") = "PokeLanches", "PokeLanches.csproj", "{57B5AC11-6A16-4FDD-9F41-4CCD52F4296E}"
EndProject
Global
	GlobalSection(SolutionConfigurationPlatforms) = preSolution
		Debug|Any CPU = Debug|Any CPU
		Release|Any CPU = Release|Any CPU
	EndGlobalSection
	GlobalSection(ProjectConfigurationPlatforms) = postSolution
		{57B5AC11-6A16-4FDD-9F41-4CCD52F4296E}.Debug|Any CPU.ActiveCfg = Debug|Any CPU
		{57B5AC11-6A16-4FDD-9F41-4CCD52F4296E}.Debug|Any CPU.Build.0 = Debug|Any CPU
		{57B5AC11-6A16-4FDD-9F41-4CCD52F4296E}.Release|Any CPU.ActiveCfg = Release|Any CPU
		{57B5AC11-6A16-4FDD-9F41-4CCD52F4296E}.Release|Any CPU.Build.0 = Release|Any CPU
	EndGlobalSection
	GlobalSection(SolutionProperties) = preSolution
		HideSolutionNode = FALSE
	EndGlobalSection
	GlobalSection(ExtensibilityGlobals) = postSolution
		SolutionGuid = {FE8BC9AF-C79F-4846-8751-E29509F4E3FF}
	EndGlobalSection
EndGlobal
